// !$*UTF8*$!
{
	archiveVersion = 1;
	classes = {
	};
	objectVersion = 56;
	objects = {

/* Begin PBXBuildFile section */
		100E11872BA05179007729E0 /* LogInViewModel.swift in Sources */ = {isa = PBXBuildFile; fileRef = 100E11862BA05179007729E0 /* LogInViewModel.swift */; };
		100E118A2BA05EDD007729E0 /* ResetPasswordView.swift in Sources */ = {isa = PBXBuildFile; fileRef = 100E11892BA05EDD007729E0 /* ResetPasswordView.swift */; };
		100E118C2BA05EEF007729E0 /* ResetPasswordViewModel.swift in Sources */ = {isa = PBXBuildFile; fileRef = 100E118B2BA05EEF007729E0 /* ResetPasswordViewModel.swift */; };
		100E118F2BA0E082007729E0 /* GoogleSignIn in Frameworks */ = {isa = PBXBuildFile; productRef = 100E118E2BA0E082007729E0 /* GoogleSignIn */; };
		100E11912BA0E082007729E0 /* GoogleSignInSwift in Frameworks */ = {isa = PBXBuildFile; productRef = 100E11902BA0E082007729E0 /* GoogleSignInSwift */; };
		100E11932BA1B484007729E0 /* GoogleService-Info.plist in Resources */ = {isa = PBXBuildFile; fileRef = 100E11922BA1B484007729E0 /* GoogleService-Info.plist */; };
		100E11962BA2F95B007729E0 /* Utilities.swift in Sources */ = {isa = PBXBuildFile; fileRef = 100E11952BA2F95B007729E0 /* Utilities.swift */; };
		1049DE292B9DA05B0004C4E7 /* ChooseAvatarView.swift in Sources */ = {isa = PBXBuildFile; fileRef = 1049DE282B9DA05B0004C4E7 /* ChooseAvatarView.swift */; };
		1049DE2E2B9DC1130004C4E7 /* EnterUsernameView.swift in Sources */ = {isa = PBXBuildFile; fileRef = 1049DE2D2B9DC1130004C4E7 /* EnterUsernameView.swift */; };
		1049DE302B9DDA1D0004C4E7 /* AvatarImageComponentView.swift in Sources */ = {isa = PBXBuildFile; fileRef = 1049DE2F2B9DDA1D0004C4E7 /* AvatarImageComponentView.swift */; };
		1049DE332B9DEFA80004C4E7 /* ProfileCreatedView.swift in Sources */ = {isa = PBXBuildFile; fileRef = 1049DE322B9DEFA80004C4E7 /* ProfileCreatedView.swift */; };
		106EE7CF2B8F776A00568DAE /* MarvellousApp.swift in Sources */ = {isa = PBXBuildFile; fileRef = 106EE7CE2B8F776A00568DAE /* MarvellousApp.swift */; };
		106EE7D12B8F776A00568DAE /* ContentView.swift in Sources */ = {isa = PBXBuildFile; fileRef = 106EE7D02B8F776A00568DAE /* ContentView.swift */; };
		106EE7D32B8F776A00568DAE /* Assets.xcassets in Resources */ = {isa = PBXBuildFile; fileRef = 106EE7D22B8F776A00568DAE /* Assets.xcassets */; };
		106EE7D62B8F776A00568DAE /* Preview Assets.xcassets in Resources */ = {isa = PBXBuildFile; fileRef = 106EE7D52B8F776A00568DAE /* Preview Assets.xcassets */; };
		106EE7DE2B8F7C5B00568DAE /* LaunchScreen.storyboard in Resources */ = {isa = PBXBuildFile; fileRef = 106EE7DD2B8F7C5B00568DAE /* LaunchScreen.storyboard */; };
		1071FAD02B8F82DF002E9098 /* OnboardingView.swift in Sources */ = {isa = PBXBuildFile; fileRef = 1071FACF2B8F82DF002E9098 /* OnboardingView.swift */; };
		1071FAD22B8F8582002E9098 /* FirstWelcomeView.swift in Sources */ = {isa = PBXBuildFile; fileRef = 1071FAD12B8F8582002E9098 /* FirstWelcomeView.swift */; };
		1071FAD52B8F908F002E9098 /* ButtonComponentView.swift in Sources */ = {isa = PBXBuildFile; fileRef = 1071FAD42B8F908F002E9098 /* ButtonComponentView.swift */; };
		1071FAD72B8F92BF002E9098 /* SecondWelcomeView.swift in Sources */ = {isa = PBXBuildFile; fileRef = 1071FAD62B8F92BF002E9098 /* SecondWelcomeView.swift */; };
		1071FAD92B8F935F002E9098 /* OnboardingImageComponentView.swift in Sources */ = {isa = PBXBuildFile; fileRef = 1071FAD82B8F935F002E9098 /* OnboardingImageComponentView.swift */; };
		1071FADB2B8FABBE002E9098 /* ThirdWelcomeView.swift in Sources */ = {isa = PBXBuildFile; fileRef = 1071FADA2B8FABBE002E9098 /* ThirdWelcomeView.swift */; };
		1071FADD2B8FAD79002E9098 /* FourthWelcomeView.swift in Sources */ = {isa = PBXBuildFile; fileRef = 1071FADC2B8FAD79002E9098 /* FourthWelcomeView.swift */; };
		1071FADF2B8FAEAA002E9098 /* FifthWelcomeView.swift in Sources */ = {isa = PBXBuildFile; fileRef = 1071FADE2B8FAEAA002E9098 /* FifthWelcomeView.swift */; };
		1071FAE12B8FC0AF002E9098 /* AuthenticationView.swift in Sources */ = {isa = PBXBuildFile; fileRef = 1071FAE02B8FC0AF002E9098 /* AuthenticationView.swift */; };
		1071FAE32B907A92002E9098 /* MainBackgroundComponentView.swift in Sources */ = {isa = PBXBuildFile; fileRef = 1071FAE22B907A92002E9098 /* MainBackgroundComponentView.swift */; };
		1071FAE62B907B40002E9098 /* Router.swift in Sources */ = {isa = PBXBuildFile; fileRef = 1071FAE52B907B40002E9098 /* Router.swift */; };
		1071FAE92B907BB8002E9098 /* SignUpView.swift in Sources */ = {isa = PBXBuildFile; fileRef = 1071FAE82B907BB8002E9098 /* SignUpView.swift */; };
		1071FAEB2B90AD57002E9098 /* LogInView.swift in Sources */ = {isa = PBXBuildFile; fileRef = 1071FAEA2B90AD57002E9098 /* LogInView.swift */; };
		1071FAF02B90E583002E9098 /* FirebaseAnalytics in Frameworks */ = {isa = PBXBuildFile; productRef = 1071FAEF2B90E583002E9098 /* FirebaseAnalytics */; };
		1071FAF42B90E583002E9098 /* FirebaseAnalyticsSwift in Frameworks */ = {isa = PBXBuildFile; productRef = 1071FAF32B90E583002E9098 /* FirebaseAnalyticsSwift */; };
		1071FB272B931E93002E9098 /* SignUpViewModel.swift in Sources */ = {isa = PBXBuildFile; fileRef = 1071FB262B931E93002E9098 /* SignUpViewModel.swift */; };
		1071FB2A2B932E17002E9098 /* FirebaseAuthCombine-Community in Frameworks */ = {isa = PBXBuildFile; productRef = 1071FB292B932E17002E9098 /* FirebaseAuthCombine-Community */; };
		10E666ED2B9B0D830059E07D /* FirebaseAuth in Frameworks */ = {isa = PBXBuildFile; productRef = 10E666EC2B9B0D830059E07D /* FirebaseAuth */; };
		10E666F02B9B0F7A0059E07D /* AuthenticationManager.swift in Sources */ = {isa = PBXBuildFile; fileRef = 10E666EF2B9B0F7A0059E07D /* AuthenticationManager.swift */; };
		10E666F22B9B17310059E07D /* Validator.swift in Sources */ = {isa = PBXBuildFile; fileRef = 10E666F12B9B17310059E07D /* Validator.swift */; };
/* End PBXBuildFile section */

/* Begin PBXFileReference section */
		100E11862BA05179007729E0 /* LogInViewModel.swift */ = {isa = PBXFileReference; lastKnownFileType = sourcecode.swift; path = LogInViewModel.swift; sourceTree = "<group>"; };
		100E11892BA05EDD007729E0 /* ResetPasswordView.swift */ = {isa = PBXFileReference; lastKnownFileType = sourcecode.swift; path = ResetPasswordView.swift; sourceTree = "<group>"; };
		100E118B2BA05EEF007729E0 /* ResetPasswordViewModel.swift */ = {isa = PBXFileReference; lastKnownFileType = sourcecode.swift; path = ResetPasswordViewModel.swift; sourceTree = "<group>"; };
		100E11922BA1B484007729E0 /* GoogleService-Info.plist */ = {isa = PBXFileReference; fileEncoding = 4; lastKnownFileType = text.plist.xml; name = "GoogleService-Info.plist"; path = "../../../../Downloads/GoogleService-Info.plist"; sourceTree = "<group>"; };
		100E11952BA2F95B007729E0 /* Utilities.swift */ = {isa = PBXFileReference; lastKnownFileType = sourcecode.swift; path = Utilities.swift; sourceTree = "<group>"; };
		1049DE282B9DA05B0004C4E7 /* ChooseAvatarView.swift */ = {isa = PBXFileReference; lastKnownFileType = sourcecode.swift; path = ChooseAvatarView.swift; sourceTree = "<group>"; };
		1049DE2D2B9DC1130004C4E7 /* EnterUsernameView.swift */ = {isa = PBXFileReference; lastKnownFileType = sourcecode.swift; path = EnterUsernameView.swift; sourceTree = "<group>"; };
		1049DE2F2B9DDA1D0004C4E7 /* AvatarImageComponentView.swift */ = {isa = PBXFileReference; lastKnownFileType = sourcecode.swift; path = AvatarImageComponentView.swift; sourceTree = "<group>"; };
		1049DE322B9DEFA80004C4E7 /* ProfileCreatedView.swift */ = {isa = PBXFileReference; lastKnownFileType = sourcecode.swift; path = ProfileCreatedView.swift; sourceTree = "<group>"; };
		106EE7CB2B8F776900568DAE /* Marvellous.app */ = {isa = PBXFileReference; explicitFileType = wrapper.application; includeInIndex = 0; path = Marvellous.app; sourceTree = BUILT_PRODUCTS_DIR; };
		106EE7CE2B8F776A00568DAE /* MarvellousApp.swift */ = {isa = PBXFileReference; lastKnownFileType = sourcecode.swift; path = MarvellousApp.swift; sourceTree = "<group>"; };
		106EE7D02B8F776A00568DAE /* ContentView.swift */ = {isa = PBXFileReference; lastKnownFileType = sourcecode.swift; path = ContentView.swift; sourceTree = "<group>"; };
		106EE7D22B8F776A00568DAE /* Assets.xcassets */ = {isa = PBXFileReference; lastKnownFileType = folder.assetcatalog; path = Assets.xcassets; sourceTree = "<group>"; };
		106EE7D52B8F776A00568DAE /* Preview Assets.xcassets */ = {isa = PBXFileReference; lastKnownFileType = folder.assetcatalog; path = "Preview Assets.xcassets"; sourceTree = "<group>"; };
		106EE7DC2B8F7B7700568DAE /* Info.plist */ = {isa = PBXFileReference; lastKnownFileType = text.plist.xml; path = Info.plist; sourceTree = "<group>"; };
		106EE7DD2B8F7C5B00568DAE /* LaunchScreen.storyboard */ = {isa = PBXFileReference; lastKnownFileType = file.storyboard; path = LaunchScreen.storyboard; sourceTree = "<group>"; };
		1071FACF2B8F82DF002E9098 /* OnboardingView.swift */ = {isa = PBXFileReference; lastKnownFileType = sourcecode.swift; path = OnboardingView.swift; sourceTree = "<group>"; };
		1071FAD12B8F8582002E9098 /* FirstWelcomeView.swift */ = {isa = PBXFileReference; lastKnownFileType = sourcecode.swift; path = FirstWelcomeView.swift; sourceTree = "<group>"; };
		1071FAD42B8F908F002E9098 /* ButtonComponentView.swift */ = {isa = PBXFileReference; lastKnownFileType = sourcecode.swift; path = ButtonComponentView.swift; sourceTree = "<group>"; };
		1071FAD62B8F92BF002E9098 /* SecondWelcomeView.swift */ = {isa = PBXFileReference; lastKnownFileType = sourcecode.swift; path = SecondWelcomeView.swift; sourceTree = "<group>"; };
		1071FAD82B8F935F002E9098 /* OnboardingImageComponentView.swift */ = {isa = PBXFileReference; lastKnownFileType = sourcecode.swift; path = OnboardingImageComponentView.swift; sourceTree = "<group>"; };
		1071FADA2B8FABBE002E9098 /* ThirdWelcomeView.swift */ = {isa = PBXFileReference; lastKnownFileType = sourcecode.swift; path = ThirdWelcomeView.swift; sourceTree = "<group>"; };
		1071FADC2B8FAD79002E9098 /* FourthWelcomeView.swift */ = {isa = PBXFileReference; lastKnownFileType = sourcecode.swift; path = FourthWelcomeView.swift; sourceTree = "<group>"; };
		1071FADE2B8FAEAA002E9098 /* FifthWelcomeView.swift */ = {isa = PBXFileReference; lastKnownFileType = sourcecode.swift; path = FifthWelcomeView.swift; sourceTree = "<group>"; };
		1071FAE02B8FC0AF002E9098 /* AuthenticationView.swift */ = {isa = PBXFileReference; lastKnownFileType = sourcecode.swift; path = AuthenticationView.swift; sourceTree = "<group>"; };
		1071FAE22B907A92002E9098 /* MainBackgroundComponentView.swift */ = {isa = PBXFileReference; lastKnownFileType = sourcecode.swift; path = MainBackgroundComponentView.swift; sourceTree = "<group>"; };
		1071FAE52B907B40002E9098 /* Router.swift */ = {isa = PBXFileReference; lastKnownFileType = sourcecode.swift; path = Router.swift; sourceTree = "<group>"; };
		1071FAE82B907BB8002E9098 /* SignUpView.swift */ = {isa = PBXFileReference; lastKnownFileType = sourcecode.swift; path = SignUpView.swift; sourceTree = "<group>"; };
		1071FAEA2B90AD57002E9098 /* LogInView.swift */ = {isa = PBXFileReference; lastKnownFileType = sourcecode.swift; path = LogInView.swift; sourceTree = "<group>"; };
		1071FB262B931E93002E9098 /* SignUpViewModel.swift */ = {isa = PBXFileReference; lastKnownFileType = sourcecode.swift; path = SignUpViewModel.swift; sourceTree = "<group>"; };
		10E666EF2B9B0F7A0059E07D /* AuthenticationManager.swift */ = {isa = PBXFileReference; lastKnownFileType = sourcecode.swift; path = AuthenticationManager.swift; sourceTree = "<group>"; };
		10E666F12B9B17310059E07D /* Validator.swift */ = {isa = PBXFileReference; lastKnownFileType = sourcecode.swift; path = Validator.swift; sourceTree = "<group>"; };
/* End PBXFileReference section */

/* Begin PBXFrameworksBuildPhase section */
		106EE7C82B8F776900568DAE /* Frameworks */ = {
			isa = PBXFrameworksBuildPhase;
			buildActionMask = 2147483647;
			files = (
				100E118F2BA0E082007729E0 /* GoogleSignIn in Frameworks */,
				1071FAF42B90E583002E9098 /* FirebaseAnalyticsSwift in Frameworks */,
				1071FB2A2B932E17002E9098 /* FirebaseAuthCombine-Community in Frameworks */,
				100E11912BA0E082007729E0 /* GoogleSignInSwift in Frameworks */,
				1071FAF02B90E583002E9098 /* FirebaseAnalytics in Frameworks */,
				10E666ED2B9B0D830059E07D /* FirebaseAuth in Frameworks */,
			);
			runOnlyForDeploymentPostprocessing = 0;
		};
/* End PBXFrameworksBuildPhase section */

/* Begin PBXGroup section */
		100E11882BA05EB9007729E0 /* ResetPassword */ = {
			isa = PBXGroup;
			children = (
				100E11892BA05EDD007729E0 /* ResetPasswordView.swift */,
				100E118B2BA05EEF007729E0 /* ResetPasswordViewModel.swift */,
			);
			path = ResetPassword;
			sourceTree = "<group>";
		};
		100E11942BA2F934007729E0 /* Utilities */ = {
			isa = PBXGroup;
			children = (
				100E11952BA2F95B007729E0 /* Utilities.swift */,
			);
			path = Utilities;
			sourceTree = "<group>";
		};
		1049DE272B9DA0360004C4E7 /* ChooseAvatar */ = {
			isa = PBXGroup;
			children = (
				1049DE282B9DA05B0004C4E7 /* ChooseAvatarView.swift */,
			);
			path = ChooseAvatar;
			sourceTree = "<group>";
		};
		1049DE2C2B9DC1020004C4E7 /* EnterUsername */ = {
			isa = PBXGroup;
			children = (
				1049DE2D2B9DC1130004C4E7 /* EnterUsernameView.swift */,
			);
			path = EnterUsername;
			sourceTree = "<group>";
		};
		1049DE312B9DEF8F0004C4E7 /* ProfileIsCreated */ = {
			isa = PBXGroup;
			children = (
				1049DE322B9DEFA80004C4E7 /* ProfileCreatedView.swift */,
			);
			path = ProfileIsCreated;
			sourceTree = "<group>";
		};
		106EE7C22B8F776900568DAE = {
			isa = PBXGroup;
			children = (
				106EE7CD2B8F776900568DAE /* Marvellous */,
				106EE7CC2B8F776900568DAE /* Products */,
				1071FB282B932E17002E9098 /* Frameworks */,
			);
			sourceTree = "<group>";
		};
		106EE7CC2B8F776900568DAE /* Products */ = {
			isa = PBXGroup;
			children = (
				106EE7CB2B8F776900568DAE /* Marvellous.app */,
			);
			name = Products;
			sourceTree = "<group>";
		};
		106EE7CD2B8F776900568DAE /* Marvellous */ = {
			isa = PBXGroup;
			children = (
				1071FACB2B8F7F3B002E9098 /* App */,
				1071FACC2B8F7F70002E9098 /* Scenes */,
				1071FAD32B8F905C002E9098 /* Components */,
				10E666EE2B9B0F520059E07D /* Services */,
				1071FAE42B907B1F002E9098 /* Navigation */,
				100E11942BA2F934007729E0 /* Utilities */,
				1071FACA2B8F7DEE002E9098 /* Resources */,
				106EE7DC2B8F7B7700568DAE /* Info.plist */,
				100E11922BA1B484007729E0 /* GoogleService-Info.plist */,
				106EE7D42B8F776A00568DAE /* Preview Content */,
			);
			path = Marvellous;
			sourceTree = "<group>";
		};
		106EE7D42B8F776A00568DAE /* Preview Content */ = {
			isa = PBXGroup;
			children = (
				106EE7D52B8F776A00568DAE /* Preview Assets.xcassets */,
			);
			path = "Preview Content";
			sourceTree = "<group>";
		};
		1071FACA2B8F7DEE002E9098 /* Resources */ = {
			isa = PBXGroup;
			children = (
				106EE7DD2B8F7C5B00568DAE /* LaunchScreen.storyboard */,
				106EE7D22B8F776A00568DAE /* Assets.xcassets */,
			);
			path = Resources;
			sourceTree = "<group>";
		};
		1071FACB2B8F7F3B002E9098 /* App */ = {
			isa = PBXGroup;
			children = (
				106EE7CE2B8F776A00568DAE /* MarvellousApp.swift */,
			);
			path = App;
			sourceTree = "<group>";
		};
		1071FACC2B8F7F70002E9098 /* Scenes */ = {
			isa = PBXGroup;
			children = (
				1071FACD2B8F7F79002E9098 /* ContentView */,
				1071FACE2B8F817C002E9098 /* Onboarding */,
				1071FAE72B907B93002E9098 /* SignUp */,
				1071FB252B931E73002E9098 /* LogIn */,
			);
			path = Scenes;
			sourceTree = "<group>";
		};
		1071FACD2B8F7F79002E9098 /* ContentView */ = {
			isa = PBXGroup;
			children = (
				106EE7D02B8F776A00568DAE /* ContentView.swift */,
			);
			path = ContentView;
			sourceTree = "<group>";
		};
		1071FACE2B8F817C002E9098 /* Onboarding */ = {
			isa = PBXGroup;
			children = (
				1071FACF2B8F82DF002E9098 /* OnboardingView.swift */,
				1071FAD12B8F8582002E9098 /* FirstWelcomeView.swift */,
				1071FAD62B8F92BF002E9098 /* SecondWelcomeView.swift */,
				1071FADA2B8FABBE002E9098 /* ThirdWelcomeView.swift */,
				1071FADC2B8FAD79002E9098 /* FourthWelcomeView.swift */,
				1071FADE2B8FAEAA002E9098 /* FifthWelcomeView.swift */,
				1071FAE02B8FC0AF002E9098 /* AuthenticationView.swift */,
			);
			path = Onboarding;
			sourceTree = "<group>";
		};
		1071FAD32B8F905C002E9098 /* Components */ = {
			isa = PBXGroup;
			children = (
				1071FAD42B8F908F002E9098 /* ButtonComponentView.swift */,
				1071FAD82B8F935F002E9098 /* OnboardingImageComponentView.swift */,
				1071FAE22B907A92002E9098 /* MainBackgroundComponentView.swift */,
				1049DE2F2B9DDA1D0004C4E7 /* AvatarImageComponentView.swift */,
			);
			path = Components;
			sourceTree = "<group>";
		};
		1071FAE42B907B1F002E9098 /* Navigation */ = {
			isa = PBXGroup;
			children = (
				1071FAE52B907B40002E9098 /* Router.swift */,
			);
			path = Navigation;
			sourceTree = "<group>";
		};
		1071FAE72B907B93002E9098 /* SignUp */ = {
			isa = PBXGroup;
			children = (
				1049DE312B9DEF8F0004C4E7 /* ProfileIsCreated */,
				1049DE2C2B9DC1020004C4E7 /* EnterUsername */,
				1049DE272B9DA0360004C4E7 /* ChooseAvatar */,
				1071FAE82B907BB8002E9098 /* SignUpView.swift */,
				1071FB262B931E93002E9098 /* SignUpViewModel.swift */,
			);
			path = SignUp;
			sourceTree = "<group>";
		};
		1071FB252B931E73002E9098 /* LogIn */ = {
			isa = PBXGroup;
			children = (
				100E11882BA05EB9007729E0 /* ResetPassword */,
				1071FAEA2B90AD57002E9098 /* LogInView.swift */,
				100E11862BA05179007729E0 /* LogInViewModel.swift */,
			);
			path = LogIn;
			sourceTree = "<group>";
		};
		1071FB282B932E17002E9098 /* Frameworks */ = {
			isa = PBXGroup;
			children = (
			);
			name = Frameworks;
			sourceTree = "<group>";
		};
		10E666EE2B9B0F520059E07D /* Services */ = {
			isa = PBXGroup;
			children = (
				10E666EF2B9B0F7A0059E07D /* AuthenticationManager.swift */,
				10E666F12B9B17310059E07D /* Validator.swift */,
			);
			path = Services;
			sourceTree = "<group>";
		};
/* End PBXGroup section */

/* Begin PBXNativeTarget section */
		106EE7CA2B8F776900568DAE /* Marvellous */ = {
			isa = PBXNativeTarget;
			buildConfigurationList = 106EE7D92B8F776A00568DAE /* Build configuration list for PBXNativeTarget "Marvellous" */;
			buildPhases = (
				106EE7C72B8F776900568DAE /* Sources */,
				106EE7C82B8F776900568DAE /* Frameworks */,
				106EE7C92B8F776900568DAE /* Resources */,
			);
			buildRules = (
			);
			dependencies = (
			);
			name = Marvellous;
			packageProductDependencies = (
				1071FAEF2B90E583002E9098 /* FirebaseAnalytics */,
				1071FAF32B90E583002E9098 /* FirebaseAnalyticsSwift */,
				1071FB292B932E17002E9098 /* FirebaseAuthCombine-Community */,
				10E666EC2B9B0D830059E07D /* FirebaseAuth */,
				100E118E2BA0E082007729E0 /* GoogleSignIn */,
				100E11902BA0E082007729E0 /* GoogleSignInSwift */,
			);
			productName = Marvellous;
			productReference = 106EE7CB2B8F776900568DAE /* Marvellous.app */;
			productType = "com.apple.product-type.application";
		};
/* End PBXNativeTarget section */

/* Begin PBXProject section */
		106EE7C32B8F776900568DAE /* Project object */ = {
			isa = PBXProject;
			attributes = {
				BuildIndependentTargetsInParallel = 1;
				LastSwiftUpdateCheck = 1500;
				LastUpgradeCheck = 1500;
				TargetAttributes = {
					106EE7CA2B8F776900568DAE = {
						CreatedOnToolsVersion = 15.0.1;
					};
				};
			};
			buildConfigurationList = 106EE7C62B8F776900568DAE /* Build configuration list for PBXProject "Marvellous" */;
			compatibilityVersion = "Xcode 14.0";
			developmentRegion = en;
			hasScannedForEncodings = 0;
			knownRegions = (
				en,
				Base,
			);
			mainGroup = 106EE7C22B8F776900568DAE;
			packageReferences = (
				1071FAEE2B90E583002E9098 /* XCRemoteSwiftPackageReference "firebase-ios-sdk" */,
				100E118D2BA0E082007729E0 /* XCRemoteSwiftPackageReference "GoogleSignIn-iOS" */,
			);
			productRefGroup = 106EE7CC2B8F776900568DAE /* Products */;
			projectDirPath = "";
			projectRoot = "";
			targets = (
				106EE7CA2B8F776900568DAE /* Marvellous */,
			);
		};
/* End PBXProject section */

/* Begin PBXResourcesBuildPhase section */
		106EE7C92B8F776900568DAE /* Resources */ = {
			isa = PBXResourcesBuildPhase;
			buildActionMask = 2147483647;
			files = (
				106EE7DE2B8F7C5B00568DAE /* LaunchScreen.storyboard in Resources */,
				100E11932BA1B484007729E0 /* GoogleService-Info.plist in Resources */,
				106EE7D62B8F776A00568DAE /* Preview Assets.xcassets in Resources */,
				106EE7D32B8F776A00568DAE /* Assets.xcassets in Resources */,
			);
			runOnlyForDeploymentPostprocessing = 0;
		};
/* End PBXResourcesBuildPhase section */

/* Begin PBXSourcesBuildPhase section */
		106EE7C72B8F776900568DAE /* Sources */ = {
			isa = PBXSourcesBuildPhase;
			buildActionMask = 2147483647;
			files = (
				1071FAEB2B90AD57002E9098 /* LogInView.swift in Sources */,
				1049DE2E2B9DC1130004C4E7 /* EnterUsernameView.swift in Sources */,
				1071FAD22B8F8582002E9098 /* FirstWelcomeView.swift in Sources */,
				100E118A2BA05EDD007729E0 /* ResetPasswordView.swift in Sources */,
				100E11962BA2F95B007729E0 /* Utilities.swift in Sources */,
				1049DE332B9DEFA80004C4E7 /* ProfileCreatedView.swift in Sources */,
				100E118C2BA05EEF007729E0 /* ResetPasswordViewModel.swift in Sources */,
				1071FB272B931E93002E9098 /* SignUpViewModel.swift in Sources */,
				1071FAE32B907A92002E9098 /* MainBackgroundComponentView.swift in Sources */,
				1071FAD52B8F908F002E9098 /* ButtonComponentView.swift in Sources */,
				1071FAD02B8F82DF002E9098 /* OnboardingView.swift in Sources */,
				1049DE292B9DA05B0004C4E7 /* ChooseAvatarView.swift in Sources */,
				1071FADB2B8FABBE002E9098 /* ThirdWelcomeView.swift in Sources */,
				1071FAD92B8F935F002E9098 /* OnboardingImageComponentView.swift in Sources */,
				1071FADD2B8FAD79002E9098 /* FourthWelcomeView.swift in Sources */,
				1071FAD72B8F92BF002E9098 /* SecondWelcomeView.swift in Sources */,
				10E666F22B9B17310059E07D /* Validator.swift in Sources */,
				100E11872BA05179007729E0 /* LogInViewModel.swift in Sources */,
				10E666F02B9B0F7A0059E07D /* AuthenticationManager.swift in Sources */,
				1071FAE12B8FC0AF002E9098 /* AuthenticationView.swift in Sources */,
				1049DE302B9DDA1D0004C4E7 /* AvatarImageComponentView.swift in Sources */,
				1071FADF2B8FAEAA002E9098 /* FifthWelcomeView.swift in Sources */,
				1071FAE92B907BB8002E9098 /* SignUpView.swift in Sources */,
				106EE7D12B8F776A00568DAE /* ContentView.swift in Sources */,
				106EE7CF2B8F776A00568DAE /* MarvellousApp.swift in Sources */,
				1071FAE62B907B40002E9098 /* Router.swift in Sources */,
			);
			runOnlyForDeploymentPostprocessing = 0;
		};
/* End PBXSourcesBuildPhase section */

/* Begin XCBuildConfiguration section */
		106EE7D72B8F776A00568DAE /* Debug */ = {
			isa = XCBuildConfiguration;
			buildSettings = {
				ALWAYS_SEARCH_USER_PATHS = NO;
				ASSETCATALOG_COMPILER_GENERATE_SWIFT_ASSET_SYMBOL_EXTENSIONS = YES;
				CLANG_ANALYZER_NONNULL = YES;
				CLANG_ANALYZER_NUMBER_OBJECT_CONVERSION = YES_AGGRESSIVE;
				CLANG_CXX_LANGUAGE_STANDARD = "gnu++20";
				CLANG_ENABLE_MODULES = YES;
				CLANG_ENABLE_OBJC_ARC = YES;
				CLANG_ENABLE_OBJC_WEAK = YES;
				CLANG_WARN_BLOCK_CAPTURE_AUTORELEASING = YES;
				CLANG_WARN_BOOL_CONVERSION = YES;
				CLANG_WARN_COMMA = YES;
				CLANG_WARN_CONSTANT_CONVERSION = YES;
				CLANG_WARN_DEPRECATED_OBJC_IMPLEMENTATIONS = YES;
				CLANG_WARN_DIRECT_OBJC_ISA_USAGE = YES_ERROR;
				CLANG_WARN_DOCUMENTATION_COMMENTS = YES;
				CLANG_WARN_EMPTY_BODY = YES;
				CLANG_WARN_ENUM_CONVERSION = YES;
				CLANG_WARN_INFINITE_RECURSION = YES;
				CLANG_WARN_INT_CONVERSION = YES;
				CLANG_WARN_NON_LITERAL_NULL_CONVERSION = YES;
				CLANG_WARN_OBJC_IMPLICIT_RETAIN_SELF = YES;
				CLANG_WARN_OBJC_LITERAL_CONVERSION = YES;
				CLANG_WARN_OBJC_ROOT_CLASS = YES_ERROR;
				CLANG_WARN_QUOTED_INCLUDE_IN_FRAMEWORK_HEADER = YES;
				CLANG_WARN_RANGE_LOOP_ANALYSIS = YES;
				CLANG_WARN_STRICT_PROTOTYPES = YES;
				CLANG_WARN_SUSPICIOUS_MOVE = YES;
				CLANG_WARN_UNGUARDED_AVAILABILITY = YES_AGGRESSIVE;
				CLANG_WARN_UNREACHABLE_CODE = YES;
				CLANG_WARN__DUPLICATE_METHOD_MATCH = YES;
				COPY_PHASE_STRIP = NO;
				DEBUG_INFORMATION_FORMAT = dwarf;
				ENABLE_STRICT_OBJC_MSGSEND = YES;
				ENABLE_TESTABILITY = YES;
				ENABLE_USER_SCRIPT_SANDBOXING = YES;
				GCC_C_LANGUAGE_STANDARD = gnu17;
				GCC_DYNAMIC_NO_PIC = NO;
				GCC_NO_COMMON_BLOCKS = YES;
				GCC_OPTIMIZATION_LEVEL = 0;
				GCC_PREPROCESSOR_DEFINITIONS = (
					"DEBUG=1",
					"$(inherited)",
				);
				GCC_WARN_64_TO_32_BIT_CONVERSION = YES;
				GCC_WARN_ABOUT_RETURN_TYPE = YES_ERROR;
				GCC_WARN_UNDECLARED_SELECTOR = YES;
				GCC_WARN_UNINITIALIZED_AUTOS = YES_AGGRESSIVE;
				GCC_WARN_UNUSED_FUNCTION = YES;
				GCC_WARN_UNUSED_VARIABLE = YES;
				IPHONEOS_DEPLOYMENT_TARGET = 17.0;
				LOCALIZATION_PREFERS_STRING_CATALOGS = YES;
				MTL_ENABLE_DEBUG_INFO = INCLUDE_SOURCE;
				MTL_FAST_MATH = YES;
				ONLY_ACTIVE_ARCH = YES;
				SDKROOT = iphoneos;
				SWIFT_ACTIVE_COMPILATION_CONDITIONS = "DEBUG $(inherited)";
				SWIFT_OPTIMIZATION_LEVEL = "-Onone";
			};
			name = Debug;
		};
		106EE7D82B8F776A00568DAE /* Release */ = {
			isa = XCBuildConfiguration;
			buildSettings = {
				ALWAYS_SEARCH_USER_PATHS = NO;
				ASSETCATALOG_COMPILER_GENERATE_SWIFT_ASSET_SYMBOL_EXTENSIONS = YES;
				CLANG_ANALYZER_NONNULL = YES;
				CLANG_ANALYZER_NUMBER_OBJECT_CONVERSION = YES_AGGRESSIVE;
				CLANG_CXX_LANGUAGE_STANDARD = "gnu++20";
				CLANG_ENABLE_MODULES = YES;
				CLANG_ENABLE_OBJC_ARC = YES;
				CLANG_ENABLE_OBJC_WEAK = YES;
				CLANG_WARN_BLOCK_CAPTURE_AUTORELEASING = YES;
				CLANG_WARN_BOOL_CONVERSION = YES;
				CLANG_WARN_COMMA = YES;
				CLANG_WARN_CONSTANT_CONVERSION = YES;
				CLANG_WARN_DEPRECATED_OBJC_IMPLEMENTATIONS = YES;
				CLANG_WARN_DIRECT_OBJC_ISA_USAGE = YES_ERROR;
				CLANG_WARN_DOCUMENTATION_COMMENTS = YES;
				CLANG_WARN_EMPTY_BODY = YES;
				CLANG_WARN_ENUM_CONVERSION = YES;
				CLANG_WARN_INFINITE_RECURSION = YES;
				CLANG_WARN_INT_CONVERSION = YES;
				CLANG_WARN_NON_LITERAL_NULL_CONVERSION = YES;
				CLANG_WARN_OBJC_IMPLICIT_RETAIN_SELF = YES;
				CLANG_WARN_OBJC_LITERAL_CONVERSION = YES;
				CLANG_WARN_OBJC_ROOT_CLASS = YES_ERROR;
				CLANG_WARN_QUOTED_INCLUDE_IN_FRAMEWORK_HEADER = YES;
				CLANG_WARN_RANGE_LOOP_ANALYSIS = YES;
				CLANG_WARN_STRICT_PROTOTYPES = YES;
				CLANG_WARN_SUSPICIOUS_MOVE = YES;
				CLANG_WARN_UNGUARDED_AVAILABILITY = YES_AGGRESSIVE;
				CLANG_WARN_UNREACHABLE_CODE = YES;
				CLANG_WARN__DUPLICATE_METHOD_MATCH = YES;
				COPY_PHASE_STRIP = NO;
				DEBUG_INFORMATION_FORMAT = "dwarf-with-dsym";
				ENABLE_NS_ASSERTIONS = NO;
				ENABLE_STRICT_OBJC_MSGSEND = YES;
				ENABLE_USER_SCRIPT_SANDBOXING = YES;
				GCC_C_LANGUAGE_STANDARD = gnu17;
				GCC_NO_COMMON_BLOCKS = YES;
				GCC_WARN_64_TO_32_BIT_CONVERSION = YES;
				GCC_WARN_ABOUT_RETURN_TYPE = YES_ERROR;
				GCC_WARN_UNDECLARED_SELECTOR = YES;
				GCC_WARN_UNINITIALIZED_AUTOS = YES_AGGRESSIVE;
				GCC_WARN_UNUSED_FUNCTION = YES;
				GCC_WARN_UNUSED_VARIABLE = YES;
				IPHONEOS_DEPLOYMENT_TARGET = 17.0;
				LOCALIZATION_PREFERS_STRING_CATALOGS = YES;
				MTL_ENABLE_DEBUG_INFO = NO;
				MTL_FAST_MATH = YES;
				SDKROOT = iphoneos;
				SWIFT_COMPILATION_MODE = wholemodule;
				VALIDATE_PRODUCT = YES;
			};
			name = Release;
		};
		106EE7DA2B8F776A00568DAE /* Debug */ = {
			isa = XCBuildConfiguration;
			buildSettings = {
				ASSETCATALOG_COMPILER_APPICON_NAME = AppIcon;
				ASSETCATALOG_COMPILER_GLOBAL_ACCENT_COLOR_NAME = AccentColor;
				CODE_SIGN_STYLE = Automatic;
				CURRENT_PROJECT_VERSION = 1;
				DEVELOPMENT_ASSET_PATHS = "\"Marvellous/Preview Content\"";
				DEVELOPMENT_TEAM = 87CWSKX54K;
				ENABLE_PREVIEWS = YES;
				GENERATE_INFOPLIST_FILE = YES;
				INFOPLIST_FILE = Marvellous/Info.plist;
				INFOPLIST_KEY_UIApplicationSceneManifest_Generation = YES;
				INFOPLIST_KEY_UIApplicationSupportsIndirectInputEvents = YES;
				INFOPLIST_KEY_UILaunchStoryboardName = LaunchScreen.storyboard;
				INFOPLIST_KEY_UISupportedInterfaceOrientations_iPad = "UIInterfaceOrientationPortrait UIInterfaceOrientationPortraitUpsideDown UIInterfaceOrientationLandscapeLeft UIInterfaceOrientationLandscapeRight";
				INFOPLIST_KEY_UISupportedInterfaceOrientations_iPhone = "UIInterfaceOrientationPortrait UIInterfaceOrientationLandscapeLeft UIInterfaceOrientationLandscapeRight";
				IPHONEOS_DEPLOYMENT_TARGET = 16.0;
				LD_RUNPATH_SEARCH_PATHS = (
					"$(inherited)",
					"@executable_path/Frameworks",
				);
				MARKETING_VERSION = 1.0;
				PRODUCT_BUNDLE_IDENTIFIER = com.andria.Marvellous;
				PRODUCT_NAME = "$(TARGET_NAME)";
				SWIFT_EMIT_LOC_STRINGS = YES;
				SWIFT_VERSION = 5.0;
				TARGETED_DEVICE_FAMILY = "1,2";
			};
			name = Debug;
		};
		106EE7DB2B8F776A00568DAE /* Release */ = {
			isa = XCBuildConfiguration;
			buildSettings = {
				ASSETCATALOG_COMPILER_APPICON_NAME = AppIcon;
				ASSETCATALOG_COMPILER_GLOBAL_ACCENT_COLOR_NAME = AccentColor;
				CODE_SIGN_STYLE = Automatic;
				CURRENT_PROJECT_VERSION = 1;
				DEVELOPMENT_ASSET_PATHS = "\"Marvellous/Preview Content\"";
				DEVELOPMENT_TEAM = 87CWSKX54K;
				ENABLE_PREVIEWS = YES;
				GENERATE_INFOPLIST_FILE = YES;
				INFOPLIST_FILE = Marvellous/Info.plist;
				INFOPLIST_KEY_UIApplicationSceneManifest_Generation = YES;
				INFOPLIST_KEY_UIApplicationSupportsIndirectInputEvents = YES;
				INFOPLIST_KEY_UILaunchStoryboardName = LaunchScreen.storyboard;
				INFOPLIST_KEY_UISupportedInterfaceOrientations_iPad = "UIInterfaceOrientationPortrait UIInterfaceOrientationPortraitUpsideDown UIInterfaceOrientationLandscapeLeft UIInterfaceOrientationLandscapeRight";
				INFOPLIST_KEY_UISupportedInterfaceOrientations_iPhone = "UIInterfaceOrientationPortrait UIInterfaceOrientationLandscapeLeft UIInterfaceOrientationLandscapeRight";
				IPHONEOS_DEPLOYMENT_TARGET = 16.0;
				LD_RUNPATH_SEARCH_PATHS = (
					"$(inherited)",
					"@executable_path/Frameworks",
				);
				MARKETING_VERSION = 1.0;
				PRODUCT_BUNDLE_IDENTIFIER = com.andria.Marvellous;
				PRODUCT_NAME = "$(TARGET_NAME)";
				SWIFT_EMIT_LOC_STRINGS = YES;
				SWIFT_VERSION = 5.0;
				TARGETED_DEVICE_FAMILY = "1,2";
			};
			name = Release;
		};
/* End XCBuildConfiguration section */

/* Begin XCConfigurationList section */
		106EE7C62B8F776900568DAE /* Build configuration list for PBXProject "Marvellous" */ = {
			isa = XCConfigurationList;
			buildConfigurations = (
				106EE7D72B8F776A00568DAE /* Debug */,
				106EE7D82B8F776A00568DAE /* Release */,
			);
			defaultConfigurationIsVisible = 0;
			defaultConfigurationName = Release;
		};
		106EE7D92B8F776A00568DAE /* Build configuration list for PBXNativeTarget "Marvellous" */ = {
			isa = XCConfigurationList;
			buildConfigurations = (
				106EE7DA2B8F776A00568DAE /* Debug */,
				106EE7DB2B8F776A00568DAE /* Release */,
			);
			defaultConfigurationIsVisible = 0;
			defaultConfigurationName = Release;
		};
/* End XCConfigurationList section */

/* Begin XCRemoteSwiftPackageReference section */
		100E118D2BA0E082007729E0 /* XCRemoteSwiftPackageReference "GoogleSignIn-iOS" */ = {
			isa = XCRemoteSwiftPackageReference;
			repositoryURL = "https://github.com/google/GoogleSignIn-iOS.git";
			requirement = {
				kind = upToNextMajorVersion;
				minimumVersion = 7.0.0;
			};
		};
		1071FAEE2B90E583002E9098 /* XCRemoteSwiftPackageReference "firebase-ios-sdk" */ = {
			isa = XCRemoteSwiftPackageReference;
			repositoryURL = "https://github.com/firebase/firebase-ios-sdk.git";
			requirement = {
				kind = upToNextMajorVersion;
				minimumVersion = 10.21.0;
			};
		};
/* End XCRemoteSwiftPackageReference section */

/* Begin XCSwiftPackageProductDependency section */
		100E118E2BA0E082007729E0 /* GoogleSignIn */ = {
			isa = XCSwiftPackageProductDependency;
			package = 100E118D2BA0E082007729E0 /* XCRemoteSwiftPackageReference "GoogleSignIn-iOS" */;
			productName = GoogleSignIn;
		};
		100E11902BA0E082007729E0 /* GoogleSignInSwift */ = {
			isa = XCSwiftPackageProductDependency;
			package = 100E118D2BA0E082007729E0 /* XCRemoteSwiftPackageReference "GoogleSignIn-iOS" */;
			productName = GoogleSignInSwift;
		};
		1071FAEF2B90E583002E9098 /* FirebaseAnalytics */ = {
			isa = XCSwiftPackageProductDependency;
			package = 1071FAEE2B90E583002E9098 /* XCRemoteSwiftPackageReference "firebase-ios-sdk" */;
			productName = FirebaseAnalytics;
		};
		1071FAF32B90E583002E9098 /* FirebaseAnalyticsSwift */ = {
			isa = XCSwiftPackageProductDependency;
			package = 1071FAEE2B90E583002E9098 /* XCRemoteSwiftPackageReference "firebase-ios-sdk" */;
			productName = FirebaseAnalyticsSwift;
		};
		1071FB292B932E17002E9098 /* FirebaseAuthCombine-Community */ = {
			isa = XCSwiftPackageProductDependency;
			package = 1071FAEE2B90E583002E9098 /* XCRemoteSwiftPackageReference "firebase-ios-sdk" */;
			productName = "FirebaseAuthCombine-Community";
		};
		10E666EC2B9B0D830059E07D /* FirebaseAuth */ = {
			isa = XCSwiftPackageProductDependency;
			package = 1071FAEE2B90E583002E9098 /* XCRemoteSwiftPackageReference "firebase-ios-sdk" */;
			productName = FirebaseAuth;
		};
/* End XCSwiftPackageProductDependency section */
	};
	rootObject = 106EE7C32B8F776900568DAE /* Project object */;
}
